
Microsoft Visual Studio Solution File, Format Version 12.00
# Visual Studio Version 16
VisualStudioVersion = 16.0.29409.12
MinimumVisualStudioVersion = 10.0.40219.1
Project("{9A19103F-16F7-4668-BE54-9A1E7A4F7556}") = "ofsen", "ofsen\ofsen.csproj", "{0577D334-AEAF-49B6-B3DE-D9015EC31C3C}"
EndProject
Project("{FAE04EC0-301F-11D3-BF4B-00C04F79EFBC}") = "ConsoleApp1", "ConsoleApp1\ConsoleApp1.csproj", "{3E1C6356-92C5-4797-AE9E-859F188B0441}"
EndProject
Global
	GlobalSection(SolutionConfigurationPlatforms) = preSolution
		Debug|Any CPU = Debug|Any CPU
		Release|Any CPU = Release|Any CPU
	EndGlobalSection
	GlobalSection(ProjectConfigurationPlatforms) = postSolution
		{0577D334-AEAF-49B6-B3DE-D9015EC31C3C}.Debug|Any CPU.ActiveCfg = Debug|Any CPU
		{0577D334-AEAF-49B6-B3DE-D9015EC31C3C}.Debug|Any CPU.Build.0 = Debug|Any CPU
		{0577D334-AEAF-49B6-B3DE-D9015EC31C3C}.Release|Any CPU.ActiveCfg = Release|Any CPU
		{0577D334-AEAF-49B6-B3DE-D9015EC31C3C}.Release|Any CPU.Build.0 = Release|Any CPU
		{3E1C6356-92C5-4797-AE9E-859F188B0441}.Debug|Any CPU.ActiveCfg = Debug|Any CPU
		{3E1C6356-92C5-4797-AE9E-859F188B0441}.Debug|Any CPU.Build.0 = Debug|Any CPU
		{3E1C6356-92C5-4797-AE9E-859F188B0441}.Release|Any CPU.ActiveCfg = Release|Any CPU
		{3E1C6356-92C5-4797-AE9E-859F188B0441}.Release|Any CPU.Build.0 = Release|Any CPU
	EndGlobalSection
	GlobalSection(SolutionProperties) = preSolution
		HideSolutionNode = FALSE
	EndGlobalSection
	GlobalSection(ExtensibilityGlobals) = postSolution
		SolutionGuid = {9AD72E1E-C8CF-4E01-B8DA-05E2D042330D}
	EndGlobalSection
EndGlobal
